
Microsoft Visual Studio Solution File, Format Version 12.00
# Visual Studio Version 17
VisualStudioVersion = 17.7.34202.233
MinimumVisualStudioVersion = 10.0.40219.1
Project("{FAE04EC0-301F-11D3-BF4B-00C04F79EFBC}") = "MediaPlayer", "MediaPlayer\MediaPlayer.csproj", "{4BC50CAB-D19C-40FD-BB46-BE43C926C4CB}"
EndProject
Global
	GlobalSection(SolutionConfigurationPlatforms) = preSolution
		Debug|Any CPU = Debug|Any CPU
		Release|Any CPU = Release|Any CPU
	EndGlobalSection
	GlobalSection(ProjectConfigurationPlatforms) = postSolution
		{4BC50CAB-D19C-40FD-BB46-BE43C926C4CB}.Debug|Any CPU.ActiveCfg = Debug|Any CPU
		{4BC50CAB-D19C-40FD-BB46-BE43C926C4CB}.Debug|Any CPU.Build.0 = Debug|Any CPU
		{4BC50CAB-D19C-40FD-BB46-BE43C926C4CB}.Release|Any CPU.ActiveCfg = Release|Any CPU
		{4BC50CAB-D19C-40FD-BB46-BE43C926C4CB}.Release|Any CPU.Build.0 = Release|Any CPU
	EndGlobalSection
	GlobalSection(SolutionProperties) = preSolution
		HideSolutionNode = FALSE
	EndGlobalSection
	GlobalSection(ExtensibilityGlobals) = postSolution
		SolutionGuid = {8C03EE8B-07C9-41B9-9851-5EFA32DD9C8E}
	EndGlobalSection
EndGlobal
